
Microsoft Visual Studio Solution File, Format Version 12.00
# Visual Studio Version 17
VisualStudioVersion = 17.0.31903.59
MinimumVisualStudioVersion = 10.0.40219.1
Project("{FAE04EC0-301F-11D3-BF4B-00C04F79EFBC}") = "Ora2PgDataValidator", "Ora2PgDataValidator\Ora2PgDataValidator.csproj", "{DCE65402-9B9A-4426-B1A9-BA937E4046C2}"
EndProject
Project("{FAE04EC0-301F-11D3-BF4B-00C04F79EFBC}") = "Ora2PgSchemaComparer", "Ora2PgSchemaComparer\Ora2PgSchemaComparer.csproj", "{EA202726-C8AA-4A2B-B85A-FEE0B075C597}"
EndProject
Project("{FAE04EC0-301F-11D3-BF4B-00C04F79EFBC}") = "Ora2Pg.Common", "Ora2Pg.Common\Ora2Pg.Common.csproj", "{4BB5E0EC-1E0E-46D9-B0A3-B0FF5EF59CA8}"
EndProject
Project("{FAE04EC0-301F-11D3-BF4B-00C04F79EFBC}") = "Ora2PgDataTypeValidator", "Ora2PgDataTypeValidator\Ora2PgDataTypeValidator.csproj", "{D8E49F95-D257-4A1F-AF21-E3366E557834}"
EndProject
Project("{FAE04EC0-301F-11D3-BF4B-00C04F79EFBC}") = "Ora2PgRowCountValidator", "Ora2PgRowCountValidator\Ora2PgRowCountValidator.csproj", "{51908429-492E-48CF-8810-D392949DEC14}"
EndProject
Global
	GlobalSection(SolutionConfigurationPlatforms) = preSolution
		Debug|Any CPU = Debug|Any CPU
		Debug|x64 = Debug|x64
		Debug|x86 = Debug|x86
		Release|Any CPU = Release|Any CPU
		Release|x64 = Release|x64
		Release|x86 = Release|x86
	EndGlobalSection
	GlobalSection(ProjectConfigurationPlatforms) = postSolution
		{DCE65402-9B9A-4426-B1A9-BA937E4046C2}.Debug|Any CPU.ActiveCfg = Debug|Any CPU
		{DCE65402-9B9A-4426-B1A9-BA937E4046C2}.Debug|Any CPU.Build.0 = Debug|Any CPU
		{DCE65402-9B9A-4426-B1A9-BA937E4046C2}.Debug|x64.ActiveCfg = Debug|Any CPU
		{DCE65402-9B9A-4426-B1A9-BA937E4046C2}.Debug|x64.Build.0 = Debug|Any CPU
		{DCE65402-9B9A-4426-B1A9-BA937E4046C2}.Debug|x86.ActiveCfg = Debug|Any CPU
		{DCE65402-9B9A-4426-B1A9-BA937E4046C2}.Debug|x86.Build.0 = Debug|Any CPU
		{DCE65402-9B9A-4426-B1A9-BA937E4046C2}.Release|Any CPU.ActiveCfg = Release|Any CPU
		{DCE65402-9B9A-4426-B1A9-BA937E4046C2}.Release|Any CPU.Build.0 = Release|Any CPU
		{DCE65402-9B9A-4426-B1A9-BA937E4046C2}.Release|x64.ActiveCfg = Release|Any CPU
		{DCE65402-9B9A-4426-B1A9-BA937E4046C2}.Release|x64.Build.0 = Release|Any CPU
		{DCE65402-9B9A-4426-B1A9-BA937E4046C2}.Release|x86.ActiveCfg = Release|Any CPU
		{DCE65402-9B9A-4426-B1A9-BA937E4046C2}.Release|x86.Build.0 = Release|Any CPU
		{EA202726-C8AA-4A2B-B85A-FEE0B075C597}.Debug|Any CPU.ActiveCfg = Debug|Any CPU
		{EA202726-C8AA-4A2B-B85A-FEE0B075C597}.Debug|Any CPU.Build.0 = Debug|Any CPU
		{EA202726-C8AA-4A2B-B85A-FEE0B075C597}.Debug|x64.ActiveCfg = Debug|Any CPU
		{EA202726-C8AA-4A2B-B85A-FEE0B075C597}.Debug|x64.Build.0 = Debug|Any CPU
		{EA202726-C8AA-4A2B-B85A-FEE0B075C597}.Debug|x86.ActiveCfg = Debug|Any CPU
		{EA202726-C8AA-4A2B-B85A-FEE0B075C597}.Debug|x86.Build.0 = Debug|Any CPU
		{EA202726-C8AA-4A2B-B85A-FEE0B075C597}.Release|Any CPU.ActiveCfg = Release|Any CPU
		{EA202726-C8AA-4A2B-B85A-FEE0B075C597}.Release|Any CPU.Build.0 = Release|Any CPU
		{EA202726-C8AA-4A2B-B85A-FEE0B075C597}.Release|x64.ActiveCfg = Release|Any CPU
		{EA202726-C8AA-4A2B-B85A-FEE0B075C597}.Release|x64.Build.0 = Release|Any CPU
		{EA202726-C8AA-4A2B-B85A-FEE0B075C597}.Release|x86.ActiveCfg = Release|Any CPU
		{EA202726-C8AA-4A2B-B85A-FEE0B075C597}.Release|x86.Build.0 = Release|Any CPU
		{4BB5E0EC-1E0E-46D9-B0A3-B0FF5EF59CA8}.Debug|Any CPU.ActiveCfg = Debug|Any CPU
		{4BB5E0EC-1E0E-46D9-B0A3-B0FF5EF59CA8}.Debug|Any CPU.Build.0 = Debug|Any CPU
		{4BB5E0EC-1E0E-46D9-B0A3-B0FF5EF59CA8}.Debug|x64.ActiveCfg = Debug|Any CPU
		{4BB5E0EC-1E0E-46D9-B0A3-B0FF5EF59CA8}.Debug|x64.Build.0 = Debug|Any CPU
		{4BB5E0EC-1E0E-46D9-B0A3-B0FF5EF59CA8}.Debug|x86.ActiveCfg = Debug|Any CPU
		{4BB5E0EC-1E0E-46D9-B0A3-B0FF5EF59CA8}.Debug|x86.Build.0 = Debug|Any CPU
		{4BB5E0EC-1E0E-46D9-B0A3-B0FF5EF59CA8}.Release|Any CPU.ActiveCfg = Release|Any CPU
		{4BB5E0EC-1E0E-46D9-B0A3-B0FF5EF59CA8}.Release|Any CPU.Build.0 = Release|Any CPU
		{4BB5E0EC-1E0E-46D9-B0A3-B0FF5EF59CA8}.Release|x64.ActiveCfg = Release|Any CPU
		{4BB5E0EC-1E0E-46D9-B0A3-B0FF5EF59CA8}.Release|x64.Build.0 = Release|Any CPU
		{4BB5E0EC-1E0E-46D9-B0A3-B0FF5EF59CA8}.Release|x86.ActiveCfg = Release|Any CPU
		{4BB5E0EC-1E0E-46D9-B0A3-B0FF5EF59CA8}.Release|x86.Build.0 = Release|Any CPU
		{D8E49F95-D257-4A1F-AF21-E3366E557834}.Debug|Any CPU.ActiveCfg = Debug|Any CPU
		{D8E49F95-D257-4A1F-AF21-E3366E557834}.Debug|Any CPU.Build.0 = Debug|Any CPU
		{D8E49F95-D257-4A1F-AF21-E3366E557834}.Debug|x64.ActiveCfg = Debug|Any CPU
		{D8E49F95-D257-4A1F-AF21-E3366E557834}.Debug|x64.Build.0 = Debug|Any CPU
		{D8E49F95-D257-4A1F-AF21-E3366E557834}.Debug|x86.ActiveCfg = Debug|Any CPU
		{D8E49F95-D257-4A1F-AF21-E3366E557834}.Debug|x86.Build.0 = Debug|Any CPU
		{D8E49F95-D257-4A1F-AF21-E3366E557834}.Release|Any CPU.ActiveCfg = Release|Any CPU
		{D8E49F95-D257-4A1F-AF21-E3366E557834}.Release|Any CPU.Build.0 = Release|Any CPU
		{D8E49F95-D257-4A1F-AF21-E3366E557834}.Release|x64.ActiveCfg = Release|Any CPU
		{D8E49F95-D257-4A1F-AF21-E3366E557834}.Release|x64.Build.0 = Release|Any CPU
		{D8E49F95-D257-4A1F-AF21-E3366E557834}.Release|x86.ActiveCfg = Release|Any CPU
		{D8E49F95-D257-4A1F-AF21-E3366E557834}.Release|x86.Build.0 = Release|Any CPU
		{51908429-492E-48CF-8810-D392949DEC14}.Debug|Any CPU.ActiveCfg = Debug|Any CPU
		{51908429-492E-48CF-8810-D392949DEC14}.Debug|Any CPU.Build.0 = Debug|Any CPU
		{51908429-492E-48CF-8810-D392949DEC14}.Debug|x64.ActiveCfg = Debug|Any CPU
		{51908429-492E-48CF-8810-D392949DEC14}.Debug|x64.Build.0 = Debug|Any CPU
		{51908429-492E-48CF-8810-D392949DEC14}.Debug|x86.ActiveCfg = Debug|Any CPU
		{51908429-492E-48CF-8810-D392949DEC14}.Debug|x86.Build.0 = Debug|Any CPU
		{51908429-492E-48CF-8810-D392949DEC14}.Release|Any CPU.ActiveCfg = Release|Any CPU
		{51908429-492E-48CF-8810-D392949DEC14}.Release|Any CPU.Build.0 = Release|Any CPU
		{51908429-492E-48CF-8810-D392949DEC14}.Release|x64.ActiveCfg = Release|Any CPU
		{51908429-492E-48CF-8810-D392949DEC14}.Release|x64.Build.0 = Release|Any CPU
		{51908429-492E-48CF-8810-D392949DEC14}.Release|x86.ActiveCfg = Release|Any CPU
		{51908429-492E-48CF-8810-D392949DEC14}.Release|x86.Build.0 = Release|Any CPU
	EndGlobalSection
	GlobalSection(SolutionProperties) = preSolution
		HideSolutionNode = FALSE
	EndGlobalSection
EndGlobal
